// !$*UTF8*$!
{
	archiveVersion = 1;
	classes = {
	};
	objectVersion = 46;
	objects = {

/* Begin PBXBuildFile section */
		78B17D311B578CCE0006B48E /* AppDelegate.swift in Sources */ = {isa = PBXBuildFile; fileRef = 78B17D301B578CCE0006B48E /* AppDelegate.swift */; };
		78B17D361B578CCE0006B48E /* Main.storyboard in Resources */ = {isa = PBXBuildFile; fileRef = 78B17D341B578CCE0006B48E /* Main.storyboard */; };
		78B17D381B578CCE0006B48E /* Images.xcassets in Resources */ = {isa = PBXBuildFile; fileRef = 78B17D371B578CCE0006B48E /* Images.xcassets */; };
		78B17D3B1B578CCE0006B48E /* LaunchScreen.xib in Resources */ = {isa = PBXBuildFile; fileRef = 78B17D391B578CCE0006B48E /* LaunchScreen.xib */; };
		78B17D471B578CCE0006B48E /* PurchaseViewControllerTests.swift in Sources */ = {isa = PBXBuildFile; fileRef = 78B17D461B578CCE0006B48E /* PurchaseViewControllerTests.swift */; };
		78B17D511B578D330006B48E /* JALPurchaseViewController.swift in Sources */ = {isa = PBXBuildFile; fileRef = 78B17D501B578D330006B48E /* JALPurchaseViewController.swift */; };
/* End PBXBuildFile section */

/* Begin PBXContainerItemProxy section */
		78B17D411B578CCE0006B48E /* PBXContainerItemProxy */ = {
			isa = PBXContainerItemProxy;
			containerPortal = 78B17D231B578CCE0006B48E /* Project object */;
			proxyType = 1;
			remoteGlobalIDString = 78B17D2A1B578CCE0006B48E;
			remoteInfo = PurchaseViewController;
		};
/* End PBXContainerItemProxy section */

/* Begin PBXFileReference section */
		78B17D2B1B578CCE0006B48E /* PurchaseViewController.app */ = {isa = PBXFileReference; explicitFileType = wrapper.application; includeInIndex = 0; path = PurchaseViewController.app; sourceTree = BUILT_PRODUCTS_DIR; };
		78B17D2F1B578CCE0006B48E /* Info.plist */ = {isa = PBXFileReference; lastKnownFileType = text.plist.xml; path = Info.plist; sourceTree = "<group>"; };
		78B17D301B578CCE0006B48E /* AppDelegate.swift */ = {isa = PBXFileReference; lastKnownFileType = sourcecode.swift; path = AppDelegate.swift; sourceTree = "<group>"; };
		78B17D351B578CCE0006B48E /* Base */ = {isa = PBXFileReference; lastKnownFileType = file.storyboard; name = Base; path = Base.lproj/Main.storyboard; sourceTree = "<group>"; };
		78B17D371B578CCE0006B48E /* Images.xcassets */ = {isa = PBXFileReference; lastKnownFileType = folder.assetcatalog; path = Images.xcassets; sourceTree = "<group>"; };
		78B17D3A1B578CCE0006B48E /* Base */ = {isa = PBXFileReference; lastKnownFileType = file.xib; name = Base; path = Base.lproj/LaunchScreen.xib; sourceTree = "<group>"; };
		78B17D401B578CCE0006B48E /* PurchaseViewControllerTests.xctest */ = {isa = PBXFileReference; explicitFileType = wrapper.cfbundle; includeInIndex = 0; path = PurchaseViewControllerTests.xctest; sourceTree = BUILT_PRODUCTS_DIR; };
		78B17D451B578CCE0006B48E /* Info.plist */ = {isa = PBXFileReference; lastKnownFileType = text.plist.xml; path = Info.plist; sourceTree = "<group>"; };
		78B17D461B578CCE0006B48E /* PurchaseViewControllerTests.swift */ = {isa = PBXFileReference; lastKnownFileType = sourcecode.swift; path = PurchaseViewControllerTests.swift; sourceTree = "<group>"; };
		78B17D501B578D330006B48E /* JALPurchaseViewController.swift */ = {isa = PBXFileReference; fileEncoding = 4; lastKnownFileType = sourcecode.swift; path = JALPurchaseViewController.swift; sourceTree = "<group>"; };
/* End PBXFileReference section */

/* Begin PBXFrameworksBuildPhase section */
		78B17D281B578CCE0006B48E /* Frameworks */ = {
			isa = PBXFrameworksBuildPhase;
			buildActionMask = 2147483647;
			files = (
			);
			runOnlyForDeploymentPostprocessing = 0;
		};
		78B17D3D1B578CCE0006B48E /* Frameworks */ = {
			isa = PBXFrameworksBuildPhase;
			buildActionMask = 2147483647;
			files = (
			);
			runOnlyForDeploymentPostprocessing = 0;
		};
/* End PBXFrameworksBuildPhase section */

/* Begin PBXGroup section */
		78B17D221B578CCE0006B48E = {
			isa = PBXGroup;
			children = (
				78B17D2D1B578CCE0006B48E /* PurchaseViewController */,
				78B17D431B578CCE0006B48E /* PurchaseViewControllerTests */,
				78B17D2C1B578CCE0006B48E /* Products */,
			);
			sourceTree = "<group>";
		};
		78B17D2C1B578CCE0006B48E /* Products */ = {
			isa = PBXGroup;
			children = (
				78B17D2B1B578CCE0006B48E /* PurchaseViewController.app */,
				78B17D401B578CCE0006B48E /* PurchaseViewControllerTests.xctest */,
			);
			name = Products;
			sourceTree = "<group>";
		};
		78B17D2D1B578CCE0006B48E /* PurchaseViewController */ = {
			isa = PBXGroup;
			children = (
				78B17D301B578CCE0006B48E /* AppDelegate.swift */,
				78B17D341B578CCE0006B48E /* Main.storyboard */,
				78B17D371B578CCE0006B48E /* Images.xcassets */,
				78B17D391B578CCE0006B48E /* LaunchScreen.xib */,
				78B17D2E1B578CCE0006B48E /* Supporting Files */,
				78B17D501B578D330006B48E /* JALPurchaseViewController.swift */,
			);
			path = PurchaseViewController;
			sourceTree = "<group>";
		};
		78B17D2E1B578CCE0006B48E /* Supporting Files */ = {
			isa = PBXGroup;
			children = (
				78B17D2F1B578CCE0006B48E /* Info.plist */,
			);
			name = "Supporting Files";
			sourceTree = "<group>";
		};
		78B17D431B578CCE0006B48E /* PurchaseViewControllerTests */ = {
			isa = PBXGroup;
			children = (
				78B17D461B578CCE0006B48E /* PurchaseViewControllerTests.swift */,
				78B17D441B578CCE0006B48E /* Supporting Files */,
			);
			path = PurchaseViewControllerTests;
			sourceTree = "<group>";
		};
		78B17D441B578CCE0006B48E /* Supporting Files */ = {
			isa = PBXGroup;
			children = (
				78B17D451B578CCE0006B48E /* Info.plist */,
			);
			name = "Supporting Files";
			sourceTree = "<group>";
		};
/* End PBXGroup section */

/* Begin PBXNativeTarget section */
		78B17D2A1B578CCE0006B48E /* PurchaseViewController */ = {
			isa = PBXNativeTarget;
			buildConfigurationList = 78B17D4A1B578CCE0006B48E /* Build configuration list for PBXNativeTarget "PurchaseViewController" */;
			buildPhases = (
				78B17D271B578CCE0006B48E /* Sources */,
				78B17D281B578CCE0006B48E /* Frameworks */,
				78B17D291B578CCE0006B48E /* Resources */,
			);
			buildRules = (
			);
			dependencies = (
			);
			name = PurchaseViewController;
			productName = PurchaseViewController;
			productReference = 78B17D2B1B578CCE0006B48E /* PurchaseViewController.app */;
			productType = "com.apple.product-type.application";
		};
		78B17D3F1B578CCE0006B48E /* PurchaseViewControllerTests */ = {
			isa = PBXNativeTarget;
			buildConfigurationList = 78B17D4D1B578CCE0006B48E /* Build configuration list for PBXNativeTarget "PurchaseViewControllerTests" */;
			buildPhases = (
				78B17D3C1B578CCE0006B48E /* Sources */,
				78B17D3D1B578CCE0006B48E /* Frameworks */,
				78B17D3E1B578CCE0006B48E /* Resources */,
			);
			buildRules = (
			);
			dependencies = (
				78B17D421B578CCE0006B48E /* PBXTargetDependency */,
			);
			name = PurchaseViewControllerTests;
			productName = PurchaseViewControllerTests;
			productReference = 78B17D401B578CCE0006B48E /* PurchaseViewControllerTests.xctest */;
			productType = "com.apple.product-type.bundle.unit-test";
		};
/* End PBXNativeTarget section */

/* Begin PBXProject section */
		78B17D231B578CCE0006B48E /* Project object */ = {
			isa = PBXProject;
			attributes = {
				CLASSPREFIX = JAL;
				LastUpgradeCheck = 0640;
				ORGANIZATIONNAME = "Jason Lew";
				TargetAttributes = {
					78B17D2A1B578CCE0006B48E = {
						CreatedOnToolsVersion = 6.4;
					};
					78B17D3F1B578CCE0006B48E = {
						CreatedOnToolsVersion = 6.4;
						TestTargetID = 78B17D2A1B578CCE0006B48E;
					};
				};
			};
			buildConfigurationList = 78B17D261B578CCE0006B48E /* Build configuration list for PBXProject "PurchaseViewController" */;
			compatibilityVersion = "Xcode 3.2";
			developmentRegion = English;
			hasScannedForEncodings = 0;
			knownRegions = (
				en,
				Base,
			);
			mainGroup = 78B17D221B578CCE0006B48E;
			productRefGroup = 78B17D2C1B578CCE0006B48E /* Products */;
			projectDirPath = "";
			projectRoot = "";
			targets = (
				78B17D2A1B578CCE0006B48E /* PurchaseViewController */,
				78B17D3F1B578CCE0006B48E /* PurchaseViewControllerTests */,
			);
		};
/* End PBXProject section */

/* Begin PBXResourcesBuildPhase section */
		78B17D291B578CCE0006B48E /* Resources */ = {
			isa = PBXResourcesBuildPhase;
			buildActionMask = 2147483647;
			files = (
				78B17D361B578CCE0006B48E /* Main.storyboard in Resources */,
				78B17D3B1B578CCE0006B48E /* LaunchScreen.xib in Resources */,
				78B17D381B578CCE0006B48E /* Images.xcassets in Resources */,
			);
			runOnlyForDeploymentPostprocessing = 0;
		};
		78B17D3E1B578CCE0006B48E /* Resources */ = {
			isa = PBXResourcesBuildPhase;
			buildActionMask = 2147483647;
			files = (
			);
			runOnlyForDeploymentPostprocessing = 0;
		};
/* End PBXResourcesBuildPhase section */

/* Begin PBXSourcesBuildPhase section */
		78B17D271B578CCE0006B48E /* Sources */ = {
			isa = PBXSourcesBuildPhase;
			buildActionMask = 2147483647;
			files = (
				78B17D311B578CCE0006B48E /* AppDelegate.swift in Sources */,
				78B17D511B578D330006B48E /* JALPurchaseViewController.swift in Sources */,
			);
			runOnlyForDeploymentPostprocessing = 0;
		};
		78B17D3C1B578CCE0006B48E /* Sources */ = {
			isa = PBXSourcesBuildPhase;
			buildActionMask = 2147483647;
			files = (
				78B17D471B578CCE0006B48E /* PurchaseViewControllerTests.swift in Sources */,
			);
			runOnlyForDeploymentPostprocessing = 0;
		};
/* End PBXSourcesBuildPhase section */

/* Begin PBXTargetDependency section */
		78B17D421B578CCE0006B48E /* PBXTargetDependency */ = {
			isa = PBXTargetDependency;
			target = 78B17D2A1B578CCE0006B48E /* PurchaseViewController */;
			targetProxy = 78B17D411B578CCE0006B48E /* PBXContainerItemProxy */;
		};
/* End PBXTargetDependency section */

/* Begin PBXVariantGroup section */
		78B17D341B578CCE0006B48E /* Main.storyboard */ = {
			isa = PBXVariantGroup;
			children = (
				78B17D351B578CCE0006B48E /* Base */,
			);
			name = Main.storyboard;
			sourceTree = "<group>";
		};
		78B17D391B578CCE0006B48E /* LaunchScreen.xib */ = {
			isa = PBXVariantGroup;
			children = (
				78B17D3A1B578CCE0006B48E /* Base */,
			);
			name = LaunchScreen.xib;
			sourceTree = "<group>";
		};
/* End PBXVariantGroup section */

/* Begin XCBuildConfiguration section */
		78B17D481B578CCE0006B48E /* Debug */ = {
			isa = XCBuildConfiguration;
			buildSettings = {
				ALWAYS_SEARCH_USER_PATHS = NO;
				CLANG_CXX_LANGUAGE_STANDARD = "gnu++0x";
				CLANG_CXX_LIBRARY = "libc++";
				CLANG_ENABLE_MODULES = YES;
				CLANG_ENABLE_OBJC_ARC = YES;
				CLANG_WARN_BOOL_CONVERSION = YES;
				CLANG_WARN_CONSTANT_CONVERSION = YES;
				CLANG_WARN_DIRECT_OBJC_ISA_USAGE = YES_ERROR;
				CLANG_WARN_EMPTY_BODY = YES;
				CLANG_WARN_ENUM_CONVERSION = YES;
				CLANG_WARN_INT_CONVERSION = YES;
				CLANG_WARN_OBJC_ROOT_CLASS = YES_ERROR;
				CLANG_WARN_UNREACHABLE_CODE = YES;
				CLANG_WARN__DUPLICATE_METHOD_MATCH = YES;
				"CODE_SIGN_IDENTITY[sdk=iphoneos*]" = "iPhone Developer";
				COPY_PHASE_STRIP = NO;
				DEBUG_INFORMATION_FORMAT = "dwarf-with-dsym";
				ENABLE_STRICT_OBJC_MSGSEND = YES;
				GCC_C_LANGUAGE_STANDARD = gnu99;
				GCC_DYNAMIC_NO_PIC = NO;
				GCC_NO_COMMON_BLOCKS = YES;
				GCC_OPTIMIZATION_LEVEL = 0;
				GCC_PREPROCESSOR_DEFINITIONS = (
					"DEBUG=1",
					"$(inherited)",
				);
				GCC_SYMBOLS_PRIVATE_EXTERN = NO;
				GCC_WARN_64_TO_32_BIT_CONVERSION = YES;
				GCC_WARN_ABOUT_RETURN_TYPE = YES_ERROR;
				GCC_WARN_UNDECLARED_SELECTOR = YES;
				GCC_WARN_UNINITIALIZED_AUTOS = YES_AGGRESSIVE;
				GCC_WARN_UNUSED_FUNCTION = YES;
				GCC_WARN_UNUSED_VARIABLE = YES;
				IPHONEOS_DEPLOYMENT_TARGET = 8.4;
				MTL_ENABLE_DEBUG_INFO = YES;
				ONLY_ACTIVE_ARCH = YES;
				SDKROOT = iphoneos;
				SWIFT_OPTIMIZATION_LEVEL = "-Onone";
			};
			name = Debug;
		};
		78B17D491B578CCE0006B48E /* Release */ = {
			isa = XCBuildConfiguration;
			buildSettings = {
				ALWAYS_SEARCH_USER_PATHS = NO;
				CLANG_CXX_LANGUAGE_STANDARD = "gnu++0x";
				CLANG_CXX_LIBRARY = "libc++";
				CLANG_ENABLE_MODULES = YES;
				CLANG_ENABLE_OBJC_ARC = YES;
				CLANG_WARN_BOOL_CONVERSION = YES;
				CLANG_WARN_CONSTANT_CONVERSION = YES;
				CLANG_WARN_DIRECT_OBJC_ISA_USAGE = YES_ERROR;
				CLANG_WARN_EMPTY_BODY = YES;
				CLANG_WARN_ENUM_CONVERSION = YES;
				CLANG_WARN_INT_CONVERSION = YES;
				CLANG_WARN_OBJC_ROOT_CLASS = YES_ERROR;
				CLANG_WARN_UNREACHABLE_CODE = YES;
				CLANG_WARN__DUPLICATE_METHOD_MATCH = YES;
				"CODE_SIGN_IDENTITY[sdk=iphoneos*]" = "iPhone Developer";
				COPY_PHASE_STRIP = NO;
				DEBUG_INFORMATION_FORMAT = "dwarf-with-dsym";
				ENABLE_NS_ASSERTIONS = NO;
				ENABLE_STRICT_OBJC_MSGSEND = YES;
				GCC_C_LANGUAGE_STANDARD = gnu99;
				GCC_NO_COMMON_BLOCKS = YES;
				GCC_WARN_64_TO_32_BIT_CONVERSION = YES;
				GCC_WARN_ABOUT_RETURN_TYPE = YES_ERROR;
				GCC_WARN_UNDECLARED_SELECTOR = YES;
				GCC_WARN_UNINITIALIZED_AUTOS = YES_AGGRESSIVE;
				GCC_WARN_UNUSED_FUNCTION = YES;
				GCC_WARN_UNUSED_VARIABLE = YES;
				IPHONEOS_DEPLOYMENT_TARGET = 8.4;
				MTL_ENABLE_DEBUG_INFO = NO;
				SDKROOT = iphoneos;
				VALIDATE_PRODUCT = YES;
			};
			name = Release;
		};
		78B17D4B1B578CCE0006B48E /* Debug */ = {
			isa = XCBuildConfiguration;
			buildSettings = {
				ASSETCATALOG_COMPILER_APPICON_NAME = AppIcon;
				INFOPLIST_FILE = PurchaseViewController/Info.plist;
				IPHONEOS_DEPLOYMENT_TARGET = 8.0;
				LD_RUNPATH_SEARCH_PATHS = "$(inherited) @executable_path/Frameworks";
				PRODUCT_NAME = "$(TARGET_NAME)";
			};
			name = Debug;
		};
		78B17D4C1B578CCE0006B48E /* Release */ = {
			isa = XCBuildConfiguration;
			buildSettings = {
				ASSETCATALOG_COMPILER_APPICON_NAME = AppIcon;
				INFOPLIST_FILE = PurchaseViewController/Info.plist;
				IPHONEOS_DEPLOYMENT_TARGET = 8.0;
				LD_RUNPATH_SEARCH_PATHS = "$(inherited) @executable_path/Frameworks";
				PRODUCT_NAME = "$(TARGET_NAME)";
			};
			name = Release;
		};
		78B17D4E1B578CCE0006B48E /* Debug */ = {
			isa = XCBuildConfiguration;
			buildSettings = {
				BUNDLE_LOADER = "$(TEST_HOST)";
				FRAMEWORK_SEARCH_PATHS = (
					"$(SDKROOT)/Developer/Library/Frameworks",
					"$(inherited)",
				);
				GCC_PREPROCESSOR_DEFINITIONS = (
					"DEBUG=1",
					"$(inherited)",
				);
				INFOPLIST_FILE = PurchaseViewControllerTests/Info.plist;
				LD_RUNPATH_SEARCH_PATHS = "$(inherited) @executable_path/Frameworks @loader_path/Frameworks";
				PRODUCT_NAME = "$(TARGET_NAME)";
				TEST_HOST = "$(BUILT_PRODUCTS_DIR)/PurchaseViewController.app/PurchaseViewController";
			};
			name = Debug;
		};
		78B17D4F1B578CCE0006B48E /* Release */ = {
			isa = XCBuildConfiguration;
			buildSettings = {
				BUNDLE_LOADER = "$(TEST_HOST)";
				FRAMEWORK_SEARCH_PATHS = (
					"$(SDKROOT)/Developer/Library/Frameworks",
					"$(inherited)",
				);
				INFOPLIST_FILE = PurchaseViewControllerTests/Info.plist;
				LD_RUNPATH_SEARCH_PATHS = "$(inherited) @executable_path/Frameworks @loader_path/Frameworks";
				PRODUCT_NAME = "$(TARGET_NAME)";
				TEST_HOST = "$(BUILT_PRODUCTS_DIR)/PurchaseViewController.app/PurchaseViewController";
			};
			name = Release;
		};
/* End XCBuildConfiguration section */

/* Begin XCConfigurationList section */
		78B17D261B578CCE0006B48E /* Build configuration list for PBXProject "PurchaseViewController" */ = {
			isa = XCConfigurationList;
			buildConfigurations = (
				78B17D481B578CCE0006B48E /* Debug */,
				78B17D491B578CCE0006B48E /* Release */,
			);
			defaultConfigurationIsVisible = 0;
			defaultConfigurationName = Release;
		};
		78B17D4A1B578CCE0006B48E /* Build configuration list for PBXNativeTarget "PurchaseViewController" */ = {
			isa = XCConfigurationList;
			buildConfigurations = (
				78B17D4B1B578CCE0006B48E /* Debug */,
				78B17D4C1B578CCE0006B48E /* Release */,
			);
			defaultConfigurationIsVisible = 0;
		};
		78B17D4D1B578CCE0006B48E /* Build configuration list for PBXNativeTarget "PurchaseViewControllerTests" */ = {
			isa = XCConfigurationList;
			buildConfigurations = (
				78B17D4E1B578CCE0006B48E /* Debug */,
				78B17D4F1B578CCE0006B48E /* Release */,
			);
			defaultConfigurationIsVisible = 0;
		};
/* End XCConfigurationList section */
	};
	rootObject = 78B17D231B578CCE0006B48E /* Project object */;
}
